
Microsoft Visual Studio Solution File, Format Version 12.00
# Visual Studio Version 17
VisualStudioVersion = 17.2.32616.157
MinimumVisualStudioVersion = 10.0.40219.1
Project("{9A19103F-16F7-4668-BE54-9A1E7A4F7556}") = "ZwooBackend", "ZwooBackend\ZwooBackend.csproj", "{D09BBAE7-7B72-4BE0-B6A6-19C70A511AEB}"
EndProject
Project("{9A19103F-16F7-4668-BE54-9A1E7A4F7556}") = "GameLogic", "GameLogic\GameLogic.csproj", "{E02CDC91-0F9D-4F48-9015-103B938E4E81}"
EndProject
Project("{9A19103F-16F7-4668-BE54-9A1E7A4F7556}") = "BackendHelper", "BackendHelper\BackendHelper.csproj", "{38DE1F6C-DC47-495A-BDFF-2155866B2FFC}"
EndProject
Project("{FAE04EC0-301F-11D3-BF4B-00C04F79EFBC}") = "CodeImporter", "CodeImporter\CodeImporter.csproj", "{D526D903-307A-4AA7-993F-5F6F0085230A}"
EndProject
Project("{FAE04EC0-301F-11D3-BF4B-00C04F79EFBC}") = "ZwooInfoDashBoard", "ZwooInfoDashBoard\ZwooInfoDashBoard.csproj", "{2CB14D74-A614-44BF-8B7E-CF1472F39543}"
EndProject
Project("{FAE04EC0-301F-11D3-BF4B-00C04F79EFBC}") = "ZwooDatabaseClasses", "ZwooDatabaseClasses\ZwooDatabaseClasses.csproj", "{ECA1A273-39CC-48E8-AA90-FEBDE089813B}"
EndProject
Project("{FAE04EC0-301F-11D3-BF4B-00C04F79EFBC}") = "ZwooDatabaseUpdater", "ZwooDatabaseUpdater\ZwooDatabaseUpdater.csproj", "{BB8BCDCC-C8D3-4D3E-8D36-8FB00B964B63}"
EndProject
Project("{FAE04EC0-301F-11D3-BF4B-00C04F79EFBC}") = "Zwoo.MongoMigrations", "Zwoo.MongoMigrations\Zwoo.MongoMigrations.csproj", "{7EC0B1A0-37EA-4C14-B2B8-4EF068A3102D}"
EndProject
Project("{FAE04EC0-301F-11D3-BF4B-00C04F79EFBC}") = "Mongo.Migration", "Mongo.Migration\Mongo.Migration.csproj", "{EF01BBD9-0415-4071-B23E-15585A6EE1BD}"
EndProject
Project("{FAE04EC0-301F-11D3-BF4B-00C04F79EFBC}") = "ZwooWasmAdapter", "ZwooWasmAdapter\ZwooWasmAdapter.csproj", "{DF9FA1A3-6E71-4C9E-A1F2-790535E02DB8}"
EndProject
Project("{FAE04EC0-301F-11D3-BF4B-00C04F79EFBC}") = "GameLogic.Tests", "GameLogic.Tests\GameLogic.Tests.csproj", "{98E4BE8F-0602-4F5D-8682-71F07F321472}"
EndProject
Project("{FAE04EC0-301F-11D3-BF4B-00C04F79EFBC}") = "ZwooDatabase", "ZwooDatabase\ZwooDatabase.csproj", "{25F30E59-46DE-4578-BFAA-287C9D684D20}"
EndProject
Global
	GlobalSection(SolutionConfigurationPlatforms) = preSolution
		Debug|Any CPU = Debug|Any CPU
		Release|Any CPU = Release|Any CPU
	EndGlobalSection
	GlobalSection(ProjectConfigurationPlatforms) = postSolution
		{D09BBAE7-7B72-4BE0-B6A6-19C70A511AEB}.Debug|Any CPU.ActiveCfg = Debug|Any CPU
		{D09BBAE7-7B72-4BE0-B6A6-19C70A511AEB}.Debug|Any CPU.Build.0 = Debug|Any CPU
		{D09BBAE7-7B72-4BE0-B6A6-19C70A511AEB}.Release|Any CPU.ActiveCfg = Release|Any CPU
		{D09BBAE7-7B72-4BE0-B6A6-19C70A511AEB}.Release|Any CPU.Build.0 = Release|Any CPU
		{E02CDC91-0F9D-4F48-9015-103B938E4E81}.Debug|Any CPU.ActiveCfg = Debug|Any CPU
		{E02CDC91-0F9D-4F48-9015-103B938E4E81}.Debug|Any CPU.Build.0 = Debug|Any CPU
		{E02CDC91-0F9D-4F48-9015-103B938E4E81}.Release|Any CPU.ActiveCfg = Release|Any CPU
		{E02CDC91-0F9D-4F48-9015-103B938E4E81}.Release|Any CPU.Build.0 = Release|Any CPU
		{481D2CE1-987C-40EC-87FF-07A428292DE0}.Debug|Any CPU.ActiveCfg = Debug|Any CPU
		{481D2CE1-987C-40EC-87FF-07A428292DE0}.Debug|Any CPU.Build.0 = Debug|Any CPU
		{481D2CE1-987C-40EC-87FF-07A428292DE0}.Release|Any CPU.ActiveCfg = Release|Any CPU
		{481D2CE1-987C-40EC-87FF-07A428292DE0}.Release|Any CPU.Build.0 = Release|Any CPU
		{38DE1F6C-DC47-495A-BDFF-2155866B2FFC}.Debug|Any CPU.ActiveCfg = Debug|Any CPU
		{38DE1F6C-DC47-495A-BDFF-2155866B2FFC}.Debug|Any CPU.Build.0 = Debug|Any CPU
		{38DE1F6C-DC47-495A-BDFF-2155866B2FFC}.Release|Any CPU.ActiveCfg = Release|Any CPU
		{38DE1F6C-DC47-495A-BDFF-2155866B2FFC}.Release|Any CPU.Build.0 = Release|Any CPU
		{D526D903-307A-4AA7-993F-5F6F0085230A}.Debug|Any CPU.ActiveCfg = Debug|Any CPU
		{D526D903-307A-4AA7-993F-5F6F0085230A}.Debug|Any CPU.Build.0 = Debug|Any CPU
		{D526D903-307A-4AA7-993F-5F6F0085230A}.Release|Any CPU.ActiveCfg = Release|Any CPU
		{D526D903-307A-4AA7-993F-5F6F0085230A}.Release|Any CPU.Build.0 = Release|Any CPU
		{2CB14D74-A614-44BF-8B7E-CF1472F39543}.Debug|Any CPU.ActiveCfg = Debug|Any CPU
		{2CB14D74-A614-44BF-8B7E-CF1472F39543}.Debug|Any CPU.Build.0 = Debug|Any CPU
		{2CB14D74-A614-44BF-8B7E-CF1472F39543}.Release|Any CPU.ActiveCfg = Release|Any CPU
		{2CB14D74-A614-44BF-8B7E-CF1472F39543}.Release|Any CPU.Build.0 = Release|Any CPU
		{ECA1A273-39CC-48E8-AA90-FEBDE089813B}.Debug|Any CPU.ActiveCfg = Debug|Any CPU
		{ECA1A273-39CC-48E8-AA90-FEBDE089813B}.Debug|Any CPU.Build.0 = Debug|Any CPU
		{ECA1A273-39CC-48E8-AA90-FEBDE089813B}.Release|Any CPU.ActiveCfg = Release|Any CPU
		{ECA1A273-39CC-48E8-AA90-FEBDE089813B}.Release|Any CPU.Build.0 = Release|Any CPU
		{BB8BCDCC-C8D3-4D3E-8D36-8FB00B964B63}.Debug|Any CPU.ActiveCfg = Debug|Any CPU
		{BB8BCDCC-C8D3-4D3E-8D36-8FB00B964B63}.Debug|Any CPU.Build.0 = Debug|Any CPU
		{BB8BCDCC-C8D3-4D3E-8D36-8FB00B964B63}.Release|Any CPU.ActiveCfg = Release|Any CPU
		{BB8BCDCC-C8D3-4D3E-8D36-8FB00B964B63}.Release|Any CPU.Build.0 = Release|Any CPU
		{7EC0B1A0-37EA-4C14-B2B8-4EF068A3102D}.Debug|Any CPU.ActiveCfg = Debug|Any CPU
		{7EC0B1A0-37EA-4C14-B2B8-4EF068A3102D}.Debug|Any CPU.Build.0 = Debug|Any CPU
		{7EC0B1A0-37EA-4C14-B2B8-4EF068A3102D}.Release|Any CPU.ActiveCfg = Release|Any CPU
		{7EC0B1A0-37EA-4C14-B2B8-4EF068A3102D}.Release|Any CPU.Build.0 = Release|Any CPU
		{EF01BBD9-0415-4071-B23E-15585A6EE1BD}.Debug|Any CPU.ActiveCfg = Debug|Any CPU
		{EF01BBD9-0415-4071-B23E-15585A6EE1BD}.Debug|Any CPU.Build.0 = Debug|Any CPU
		{EF01BBD9-0415-4071-B23E-15585A6EE1BD}.Release|Any CPU.ActiveCfg = Release|Any CPU
		{EF01BBD9-0415-4071-B23E-15585A6EE1BD}.Release|Any CPU.Build.0 = Release|Any CPU
		{DF9FA1A3-6E71-4C9E-A1F2-790535E02DB8}.Debug|Any CPU.ActiveCfg = Debug|Any CPU
		{DF9FA1A3-6E71-4C9E-A1F2-790535E02DB8}.Debug|Any CPU.Build.0 = Debug|Any CPU
		{DF9FA1A3-6E71-4C9E-A1F2-790535E02DB8}.Release|Any CPU.ActiveCfg = Release|Any CPU
		{DF9FA1A3-6E71-4C9E-A1F2-790535E02DB8}.Release|Any CPU.Build.0 = Release|Any CPU
		{98E4BE8F-0602-4F5D-8682-71F07F321472}.Debug|Any CPU.ActiveCfg = Debug|Any CPU
		{98E4BE8F-0602-4F5D-8682-71F07F321472}.Debug|Any CPU.Build.0 = Debug|Any CPU
		{98E4BE8F-0602-4F5D-8682-71F07F321472}.Release|Any CPU.ActiveCfg = Release|Any CPU
		{98E4BE8F-0602-4F5D-8682-71F07F321472}.Release|Any CPU.Build.0 = Release|Any CPU
		{25F30E59-46DE-4578-BFAA-287C9D684D20}.Debug|Any CPU.ActiveCfg = Debug|Any CPU
		{25F30E59-46DE-4578-BFAA-287C9D684D20}.Debug|Any CPU.Build.0 = Debug|Any CPU
		{25F30E59-46DE-4578-BFAA-287C9D684D20}.Release|Any CPU.ActiveCfg = Release|Any CPU
		{25F30E59-46DE-4578-BFAA-287C9D684D20}.Release|Any CPU.Build.0 = Release|Any CPU
	EndGlobalSection
	GlobalSection(SolutionProperties) = preSolution
		HideSolutionNode = FALSE
	EndGlobalSection
	GlobalSection(ExtensibilityGlobals) = postSolution
		SolutionGuid = {46602514-4328-4A0E-8772-130D604507FB}
	EndGlobalSection
EndGlobal
